# This file is autogenerated, do not edit; changes may be undone by the next 'dep ensure'.


[[projects]]
  name = "github.com/golang/protobuf"
  packages = ["proto"]
  revision = "b4deda0973fb4c70b50d226b1af49f3da59f5265"
  version = "v1.1.0"

[solve-meta]
  analyzer-name = "dep"
  analyzer-version = 1
  inputs-digest = "bec22e59627e3bdfe025f1ea4e1f36e9316d24858ef3b4b229335ade1634a6b7"
  solver-name = "gps-cdcl"
  solver-version = 1
